
Microsoft Visual Studio Solution File, Format Version 12.00
# Visual Studio Version 16
VisualStudioVersion = 16.0.30002.166
MinimumVisualStudioVersion = 10.0.40219.1
Project("{FAE04EC0-301F-11D3-BF4B-00C04F79EFBC}") = "Controller", "Controller\Controller.csproj", "{FF6472AE-94A3-4818-8890-16E6249B3B59}"
EndProject
Project("{FAE04EC0-301F-11D3-BF4B-00C04F79EFBC}") = "Model", "Model\Model.csproj", "{1A9F613A-20EA-480B-8B29-1E5069B588A0}"
EndProject
Project("{FAE04EC0-301F-11D3-BF4B-00C04F79EFBC}") = "View", "View\View.csproj", "{CFF1B4CA-AEDB-4C2B-AFEA-2C46C606638A}"
EndProject
Global
	GlobalSection(SolutionConfigurationPlatforms) = preSolution
		Debug|Any CPU = Debug|Any CPU
		Release|Any CPU = Release|Any CPU
	EndGlobalSection
	GlobalSection(ProjectConfigurationPlatforms) = postSolution
		{FF6472AE-94A3-4818-8890-16E6249B3B59}.Debug|Any CPU.ActiveCfg = Debug|Any CPU
		{FF6472AE-94A3-4818-8890-16E6249B3B59}.Debug|Any CPU.Build.0 = Debug|Any CPU
		{FF6472AE-94A3-4818-8890-16E6249B3B59}.Release|Any CPU.ActiveCfg = Release|Any CPU
		{FF6472AE-94A3-4818-8890-16E6249B3B59}.Release|Any CPU.Build.0 = Release|Any CPU
		{1A9F613A-20EA-480B-8B29-1E5069B588A0}.Debug|Any CPU.ActiveCfg = Debug|Any CPU
		{1A9F613A-20EA-480B-8B29-1E5069B588A0}.Debug|Any CPU.Build.0 = Debug|Any CPU
		{1A9F613A-20EA-480B-8B29-1E5069B588A0}.Release|Any CPU.ActiveCfg = Release|Any CPU
		{1A9F613A-20EA-480B-8B29-1E5069B588A0}.Release|Any CPU.Build.0 = Release|Any CPU
		{CFF1B4CA-AEDB-4C2B-AFEA-2C46C606638A}.Debug|Any CPU.ActiveCfg = Debug|Any CPU
		{CFF1B4CA-AEDB-4C2B-AFEA-2C46C606638A}.Debug|Any CPU.Build.0 = Debug|Any CPU
		{CFF1B4CA-AEDB-4C2B-AFEA-2C46C606638A}.Release|Any CPU.ActiveCfg = Release|Any CPU
		{CFF1B4CA-AEDB-4C2B-AFEA-2C46C606638A}.Release|Any CPU.Build.0 = Release|Any CPU
	EndGlobalSection
	GlobalSection(SolutionProperties) = preSolution
		HideSolutionNode = FALSE
	EndGlobalSection
	GlobalSection(ExtensibilityGlobals) = postSolution
		SolutionGuid = {01CFAC90-E62F-421D-B856-215E1448CE2E}
	EndGlobalSection
EndGlobal
